// !$*UTF8*$!
{
	archiveVersion = 1;
	classes = {
	};
	objectVersion = 55;
	objects = {

/* Begin PBXBuildFile section */
		892642ECA1D0F2F357EE5628 /* Pods_AuctionDegree.framework in Frameworks */ = {isa = PBXBuildFile; fileRef = 153FF0917DD82416B74EF9EA /* Pods_AuctionDegree.framework */; };
		AA0AC7AE277F101500769BE2 /* PropertiesVC.swift in Sources */ = {isa = PBXBuildFile; fileRef = AA0AC7AD277F101500769BE2 /* PropertiesVC.swift */; };
		AA0AC7B0277F102600769BE2 /* PropertiesViewModel.swift in Sources */ = {isa = PBXBuildFile; fileRef = AA0AC7AF277F102600769BE2 /* PropertiesViewModel.swift */; };
		AA0AC7B3277F128700769BE2 /* PropertiesModel.swift in Sources */ = {isa = PBXBuildFile; fileRef = AA0AC7B2277F128700769BE2 /* PropertiesModel.swift */; };
		AA0AC7B5277F129800769BE2 /* PropertiesCell.swift in Sources */ = {isa = PBXBuildFile; fileRef = AA0AC7B4277F129800769BE2 /* PropertiesCell.swift */; };
		AA0AC7B82780944E00769BE2 /* Protocols.swift in Sources */ = {isa = PBXBuildFile; fileRef = AA0AC7B72780944E00769BE2 /* Protocols.swift */; };
		AA0AC7BA278097D500769BE2 /* UrlFactory.swift in Sources */ = {isa = PBXBuildFile; fileRef = AA0AC7B9278097D500769BE2 /* UrlFactory.swift */; };
		AA0AC7BC2780982800769BE2 /* Request.swift in Sources */ = {isa = PBXBuildFile; fileRef = AA0AC7BB2780982800769BE2 /* Request.swift */; };
		AA0AC7C027809DFC00769BE2 /* AuctionVC.swift in Sources */ = {isa = PBXBuildFile; fileRef = AA0AC7BF27809DFC00769BE2 /* AuctionVC.swift */; };
		AA0AC7C227809E0900769BE2 /* AuctionViewModel.swift in Sources */ = {isa = PBXBuildFile; fileRef = AA0AC7C127809E0900769BE2 /* AuctionViewModel.swift */; };
		AA0AC7C427809E1A00769BE2 /* AdditionalInfoModel.swift in Sources */ = {isa = PBXBuildFile; fileRef = AA0AC7C327809E1A00769BE2 /* AdditionalInfoModel.swift */; };
		AA0AC7C72780AFB500769BE2 /* AuctionCell.swift in Sources */ = {isa = PBXBuildFile; fileRef = AA0AC7C62780AFB500769BE2 /* AuctionCell.swift */; };
		AA0AC7CA2780B56600769BE2 /* AuctionModel.swift in Sources */ = {isa = PBXBuildFile; fileRef = AA0AC7C92780B56600769BE2 /* AuctionModel.swift */; };
		AA0AC7CC2780BBE800769BE2 /* PhotoCell.swift in Sources */ = {isa = PBXBuildFile; fileRef = AA0AC7CB2780BBE800769BE2 /* PhotoCell.swift */; };
		AA0AC7CF27820C7600769BE2 /* ProfileVC.swift in Sources */ = {isa = PBXBuildFile; fileRef = AA0AC7CE27820C7600769BE2 /* ProfileVC.swift */; };
		AA0AC7D127820D0400769BE2 /* ProfileViewModel.swift in Sources */ = {isa = PBXBuildFile; fileRef = AA0AC7D027820D0400769BE2 /* ProfileViewModel.swift */; };
		AA0AC7D327820D1300769BE2 /* ProfileModel.swift in Sources */ = {isa = PBXBuildFile; fileRef = AA0AC7D227820D1300769BE2 /* ProfileModel.swift */; };
		AA0AC7D627820F8300769BE2 /* ProfileElementView.swift in Sources */ = {isa = PBXBuildFile; fileRef = AA0AC7D527820F8300769BE2 /* ProfileElementView.swift */; };
		AA0AC7D927830B3300769BE2 /* AuctionCreationVC.swift in Sources */ = {isa = PBXBuildFile; fileRef = AA0AC7D827830B3300769BE2 /* AuctionCreationVC.swift */; };
		AA0AC7DB27830B4500769BE2 /* AuctionCreationViewModel.swift in Sources */ = {isa = PBXBuildFile; fileRef = AA0AC7DA27830B4500769BE2 /* AuctionCreationViewModel.swift */; };
		AA0AC7DD27830B5800769BE2 /* AuctionCreationModel.swift in Sources */ = {isa = PBXBuildFile; fileRef = AA0AC7DC27830B5800769BE2 /* AuctionCreationModel.swift */; };
		AA0AC7E0278370A700769BE2 /* AuctionCreationTextField.swift in Sources */ = {isa = PBXBuildFile; fileRef = AA0AC7DF278370A700769BE2 /* AuctionCreationTextField.swift */; };
		AA0AC7E227846DDC00769BE2 /* ProfileCoordinator.swift in Sources */ = {isa = PBXBuildFile; fileRef = AA0AC7E127846DDC00769BE2 /* ProfileCoordinator.swift */; };
		AA0AC7E427846DF700769BE2 /* AuctionItemsCoordinator.swift in Sources */ = {isa = PBXBuildFile; fileRef = AA0AC7E327846DF700769BE2 /* AuctionItemsCoordinator.swift */; };
		AA0AC7E627846E1E00769BE2 /* FavouriteCoordinator.swift in Sources */ = {isa = PBXBuildFile; fileRef = AA0AC7E527846E1E00769BE2 /* FavouriteCoordinator.swift */; };
		AA0AC7E827846E9E00769BE2 /* PresentableProtocol.swift in Sources */ = {isa = PBXBuildFile; fileRef = AA0AC7E727846E9E00769BE2 /* PresentableProtocol.swift */; };
		AA0AC7EA27846F3500769BE2 /* CoordinatorProtocol.swift in Sources */ = {isa = PBXBuildFile; fileRef = AA0AC7E927846F3500769BE2 /* CoordinatorProtocol.swift */; };
		AA0AC7EC27846FD500769BE2 /* DefaultRouter.swift in Sources */ = {isa = PBXBuildFile; fileRef = AA0AC7EB27846FD500769BE2 /* DefaultRouter.swift */; };
		AA0AC7EE2784716300769BE2 /* TabsRouter.swift in Sources */ = {isa = PBXBuildFile; fileRef = AA0AC7ED2784716300769BE2 /* TabsRouter.swift */; };
		AA0AC7F32784C2EF00769BE2 /* ScrollableStackView.swift in Sources */ = {isa = PBXBuildFile; fileRef = AA0AC7F22784C2EF00769BE2 /* ScrollableStackView.swift */; };
		AA0AC7F52784C31600769BE2 /* AutoLayoutView.swift in Sources */ = {isa = PBXBuildFile; fileRef = AA0AC7F42784C31600769BE2 /* AutoLayoutView.swift */; };
		AA0AC7F72784C38C00769BE2 /* UIView+pins.swift in Sources */ = {isa = PBXBuildFile; fileRef = AA0AC7F62784C38C00769BE2 /* UIView+pins.swift */; };
		AA0AC7F92784D9E900769BE2 /* UIApplication+TopViewController.swift in Sources */ = {isa = PBXBuildFile; fileRef = AA0AC7F82784D9E900769BE2 /* UIApplication+TopViewController.swift */; };
		AA3FD70227C16E01008C8A68 /* DatePickerTextField.swift in Sources */ = {isa = PBXBuildFile; fileRef = AA3FD70127C16E01008C8A68 /* DatePickerTextField.swift */; };
		AA4E94202778B35E008C3F60 /* AuthViewController.swift in Sources */ = {isa = PBXBuildFile; fileRef = AA4E941F2778B35E008C3F60 /* AuthViewController.swift */; };
		AA4E94222778B36B008C3F60 /* AuthViewModel.swift in Sources */ = {isa = PBXBuildFile; fileRef = AA4E94212778B36B008C3F60 /* AuthViewModel.swift */; };
		AA4E94242778B378008C3F60 /* AuthModel.swift in Sources */ = {isa = PBXBuildFile; fileRef = AA4E94232778B378008C3F60 /* AuthModel.swift */; };
		AA4E94272778B3FC008C3F60 /* AuthTextField.swift in Sources */ = {isa = PBXBuildFile; fileRef = AA4E94262778B3FC008C3F60 /* AuthTextField.swift */; };
		AA4E942C277C88C8008C3F60 /* UIColor+Hex.swift in Sources */ = {isa = PBXBuildFile; fileRef = AA4E942B277C88C8008C3F60 /* UIColor+Hex.swift */; };
		AA4E942E277C8DB8008C3F60 /* LogoView.swift in Sources */ = {isa = PBXBuildFile; fileRef = AA4E942D277C8DB8008C3F60 /* LogoView.swift */; };
		AA4E9430277C917E008C3F60 /* EntranceButton.swift in Sources */ = {isa = PBXBuildFile; fileRef = AA4E942F277C917E008C3F60 /* EntranceButton.swift */; };
		AA4E9434277E5ED1008C3F60 /* TabBarCoordinator.swift in Sources */ = {isa = PBXBuildFile; fileRef = AA4E9433277E5ED1008C3F60 /* TabBarCoordinator.swift */; };
		AA89B7F72778ADA300BDC7C6 /* AppDelegate.swift in Sources */ = {isa = PBXBuildFile; fileRef = AA89B7F62778ADA300BDC7C6 /* AppDelegate.swift */; };
		AA89B7FB2778ADA300BDC7C6 /* ViewController.swift in Sources */ = {isa = PBXBuildFile; fileRef = AA89B7FA2778ADA300BDC7C6 /* ViewController.swift */; };
		AA89B8002778ADA500BDC7C6 /* Assets.xcassets in Resources */ = {isa = PBXBuildFile; fileRef = AA89B7FF2778ADA500BDC7C6 /* Assets.xcassets */; };
		AA89B8032778ADA500BDC7C6 /* LaunchScreen.storyboard in Resources */ = {isa = PBXBuildFile; fileRef = AA89B8012778ADA500BDC7C6 /* LaunchScreen.storyboard */; };
		AAC6CBB82785BF3D00DEF2D8 /* GetTypeCarVC.swift in Sources */ = {isa = PBXBuildFile; fileRef = AAC6CBB72785BF3D00DEF2D8 /* GetTypeCarVC.swift */; };
		AAC6CBBA2785D4B400DEF2D8 /* GetTypeCarViewModel.swift in Sources */ = {isa = PBXBuildFile; fileRef = AAC6CBB92785D4B400DEF2D8 /* GetTypeCarViewModel.swift */; };
		AAC6CBBD2785D7BF00DEF2D8 /* PhotoButton.swift in Sources */ = {isa = PBXBuildFile; fileRef = AAC6CBBC2785D7BF00DEF2D8 /* PhotoButton.swift */; };
		AAC6CBBF2785E0BF00DEF2D8 /* CarNumberTextField.swift in Sources */ = {isa = PBXBuildFile; fileRef = AAC6CBBE2785E0BF00DEF2D8 /* CarNumberTextField.swift */; };
		AAEEFF8C27A5A62500599685 /* AuthTokenModel.swift in Sources */ = {isa = PBXBuildFile; fileRef = AAEEFF8B27A5A62500599685 /* AuthTokenModel.swift */; };
		AAEEFF8E27A5B67500599685 /* UserDefaults.swift in Sources */ = {isa = PBXBuildFile; fileRef = AAEEFF8D27A5B67500599685 /* UserDefaults.swift */; };
		AAEEFF9027A5B94600599685 /* AuthRegCoordinator.swift in Sources */ = {isa = PBXBuildFile; fileRef = AAEEFF8F27A5B94600599685 /* AuthRegCoordinator.swift */; };
		AAEEFF9227A5E9AD00599685 /* RegistrationVC.swift in Sources */ = {isa = PBXBuildFile; fileRef = AAEEFF9127A5E9AD00599685 /* RegistrationVC.swift */; };
		AAEEFF9427A5E9CA00599685 /* RegistrationViewModel.swift in Sources */ = {isa = PBXBuildFile; fileRef = AAEEFF9327A5E9CA00599685 /* RegistrationViewModel.swift */; };
		AAEEFF9627A5E9D800599685 /* RegistrationModel.swift in Sources */ = {isa = PBXBuildFile; fileRef = AAEEFF9527A5E9D800599685 /* RegistrationModel.swift */; };
/* End PBXBuildFile section */

/* Begin PBXFileReference section */
		153FF0917DD82416B74EF9EA /* Pods_AuctionDegree.framework */ = {isa = PBXFileReference; explicitFileType = wrapper.framework; includeInIndex = 0; path = Pods_AuctionDegree.framework; sourceTree = BUILT_PRODUCTS_DIR; };
		3296F9B86C3DC3F8FE695ADA /* Pods-AuctionDegree.debug.xcconfig */ = {isa = PBXFileReference; includeInIndex = 1; lastKnownFileType = text.xcconfig; name = "Pods-AuctionDegree.debug.xcconfig"; path = "Target Support Files/Pods-AuctionDegree/Pods-AuctionDegree.debug.xcconfig"; sourceTree = "<group>"; };
		383070668A82EB7573ED5952 /* Pods-AuctionDegree.release.xcconfig */ = {isa = PBXFileReference; includeInIndex = 1; lastKnownFileType = text.xcconfig; name = "Pods-AuctionDegree.release.xcconfig"; path = "Target Support Files/Pods-AuctionDegree/Pods-AuctionDegree.release.xcconfig"; sourceTree = "<group>"; };
		AA0AC7AD277F101500769BE2 /* PropertiesVC.swift */ = {isa = PBXFileReference; lastKnownFileType = sourcecode.swift; path = PropertiesVC.swift; sourceTree = "<group>"; };
		AA0AC7AF277F102600769BE2 /* PropertiesViewModel.swift */ = {isa = PBXFileReference; lastKnownFileType = sourcecode.swift; path = PropertiesViewModel.swift; sourceTree = "<group>"; };
		AA0AC7B2277F128700769BE2 /* PropertiesModel.swift */ = {isa = PBXFileReference; lastKnownFileType = sourcecode.swift; path = PropertiesModel.swift; sourceTree = "<group>"; };
		AA0AC7B4277F129800769BE2 /* PropertiesCell.swift */ = {isa = PBXFileReference; lastKnownFileType = sourcecode.swift; path = PropertiesCell.swift; sourceTree = "<group>"; };
		AA0AC7B72780944E00769BE2 /* Protocols.swift */ = {isa = PBXFileReference; lastKnownFileType = sourcecode.swift; path = Protocols.swift; sourceTree = "<group>"; };
		AA0AC7B9278097D500769BE2 /* UrlFactory.swift */ = {isa = PBXFileReference; lastKnownFileType = sourcecode.swift; path = UrlFactory.swift; sourceTree = "<group>"; };
		AA0AC7BB2780982800769BE2 /* Request.swift */ = {isa = PBXFileReference; lastKnownFileType = sourcecode.swift; path = Request.swift; sourceTree = "<group>"; };
		AA0AC7BF27809DFC00769BE2 /* AuctionVC.swift */ = {isa = PBXFileReference; lastKnownFileType = sourcecode.swift; path = AuctionVC.swift; sourceTree = "<group>"; };
		AA0AC7C127809E0900769BE2 /* AuctionViewModel.swift */ = {isa = PBXFileReference; lastKnownFileType = sourcecode.swift; path = AuctionViewModel.swift; sourceTree = "<group>"; };
		AA0AC7C327809E1A00769BE2 /* AdditionalInfoModel.swift */ = {isa = PBXFileReference; lastKnownFileType = sourcecode.swift; path = AdditionalInfoModel.swift; sourceTree = "<group>"; };
		AA0AC7C62780AFB500769BE2 /* AuctionCell.swift */ = {isa = PBXFileReference; lastKnownFileType = sourcecode.swift; path = AuctionCell.swift; sourceTree = "<group>"; };
		AA0AC7C92780B56600769BE2 /* AuctionModel.swift */ = {isa = PBXFileReference; lastKnownFileType = sourcecode.swift; path = AuctionModel.swift; sourceTree = "<group>"; };
		AA0AC7CB2780BBE800769BE2 /* PhotoCell.swift */ = {isa = PBXFileReference; lastKnownFileType = sourcecode.swift; path = PhotoCell.swift; sourceTree = "<group>"; };
		AA0AC7CE27820C7600769BE2 /* ProfileVC.swift */ = {isa = PBXFileReference; lastKnownFileType = sourcecode.swift; path = ProfileVC.swift; sourceTree = "<group>"; };
		AA0AC7D027820D0400769BE2 /* ProfileViewModel.swift */ = {isa = PBXFileReference; lastKnownFileType = sourcecode.swift; path = ProfileViewModel.swift; sourceTree = "<group>"; };
		AA0AC7D227820D1300769BE2 /* ProfileModel.swift */ = {isa = PBXFileReference; lastKnownFileType = sourcecode.swift; path = ProfileModel.swift; sourceTree = "<group>"; };
		AA0AC7D527820F8300769BE2 /* ProfileElementView.swift */ = {isa = PBXFileReference; lastKnownFileType = sourcecode.swift; path = ProfileElementView.swift; sourceTree = "<group>"; };
		AA0AC7D827830B3300769BE2 /* AuctionCreationVC.swift */ = {isa = PBXFileReference; lastKnownFileType = sourcecode.swift; path = AuctionCreationVC.swift; sourceTree = "<group>"; };
		AA0AC7DA27830B4500769BE2 /* AuctionCreationViewModel.swift */ = {isa = PBXFileReference; lastKnownFileType = sourcecode.swift; path = AuctionCreationViewModel.swift; sourceTree = "<group>"; };
		AA0AC7DC27830B5800769BE2 /* AuctionCreationModel.swift */ = {isa = PBXFileReference; lastKnownFileType = sourcecode.swift; path = AuctionCreationModel.swift; sourceTree = "<group>"; };
		AA0AC7DF278370A700769BE2 /* AuctionCreationTextField.swift */ = {isa = PBXFileReference; lastKnownFileType = sourcecode.swift; path = AuctionCreationTextField.swift; sourceTree = "<group>"; };
		AA0AC7E127846DDC00769BE2 /* ProfileCoordinator.swift */ = {isa = PBXFileReference; lastKnownFileType = sourcecode.swift; path = ProfileCoordinator.swift; sourceTree = "<group>"; };
		AA0AC7E327846DF700769BE2 /* AuctionItemsCoordinator.swift */ = {isa = PBXFileReference; lastKnownFileType = sourcecode.swift; path = AuctionItemsCoordinator.swift; sourceTree = "<group>"; };
		AA0AC7E527846E1E00769BE2 /* FavouriteCoordinator.swift */ = {isa = PBXFileReference; lastKnownFileType = sourcecode.swift; path = FavouriteCoordinator.swift; sourceTree = "<group>"; };
		AA0AC7E727846E9E00769BE2 /* PresentableProtocol.swift */ = {isa = PBXFileReference; lastKnownFileType = sourcecode.swift; path = PresentableProtocol.swift; sourceTree = "<group>"; };
		AA0AC7E927846F3500769BE2 /* CoordinatorProtocol.swift */ = {isa = PBXFileReference; lastKnownFileType = sourcecode.swift; path = CoordinatorProtocol.swift; sourceTree = "<group>"; };
		AA0AC7EB27846FD500769BE2 /* DefaultRouter.swift */ = {isa = PBXFileReference; lastKnownFileType = sourcecode.swift; path = DefaultRouter.swift; sourceTree = "<group>"; };
		AA0AC7ED2784716300769BE2 /* TabsRouter.swift */ = {isa = PBXFileReference; lastKnownFileType = sourcecode.swift; path = TabsRouter.swift; sourceTree = "<group>"; };
		AA0AC7F22784C2EF00769BE2 /* ScrollableStackView.swift */ = {isa = PBXFileReference; lastKnownFileType = sourcecode.swift; path = ScrollableStackView.swift; sourceTree = "<group>"; };
		AA0AC7F42784C31600769BE2 /* AutoLayoutView.swift */ = {isa = PBXFileReference; lastKnownFileType = sourcecode.swift; path = AutoLayoutView.swift; sourceTree = "<group>"; };
		AA0AC7F62784C38C00769BE2 /* UIView+pins.swift */ = {isa = PBXFileReference; lastKnownFileType = sourcecode.swift; path = "UIView+pins.swift"; sourceTree = "<group>"; };
		AA0AC7F82784D9E900769BE2 /* UIApplication+TopViewController.swift */ = {isa = PBXFileReference; lastKnownFileType = sourcecode.swift; path = "UIApplication+TopViewController.swift"; sourceTree = "<group>"; };
		AA3FD70127C16E01008C8A68 /* DatePickerTextField.swift */ = {isa = PBXFileReference; lastKnownFileType = sourcecode.swift; path = DatePickerTextField.swift; sourceTree = "<group>"; };
		AA4E941F2778B35E008C3F60 /* AuthViewController.swift */ = {isa = PBXFileReference; lastKnownFileType = sourcecode.swift; path = AuthViewController.swift; sourceTree = "<group>"; };
		AA4E94212778B36B008C3F60 /* AuthViewModel.swift */ = {isa = PBXFileReference; lastKnownFileType = sourcecode.swift; path = AuthViewModel.swift; sourceTree = "<group>"; };
		AA4E94232778B378008C3F60 /* AuthModel.swift */ = {isa = PBXFileReference; lastKnownFileType = sourcecode.swift; path = AuthModel.swift; sourceTree = "<group>"; };
		AA4E94262778B3FC008C3F60 /* AuthTextField.swift */ = {isa = PBXFileReference; lastKnownFileType = sourcecode.swift; path = AuthTextField.swift; sourceTree = "<group>"; };
		AA4E942B277C88C8008C3F60 /* UIColor+Hex.swift */ = {isa = PBXFileReference; lastKnownFileType = sourcecode.swift; path = "UIColor+Hex.swift"; sourceTree = "<group>"; };
		AA4E942D277C8DB8008C3F60 /* LogoView.swift */ = {isa = PBXFileReference; lastKnownFileType = sourcecode.swift; path = LogoView.swift; sourceTree = "<group>"; };
		AA4E942F277C917E008C3F60 /* EntranceButton.swift */ = {isa = PBXFileReference; lastKnownFileType = sourcecode.swift; path = EntranceButton.swift; sourceTree = "<group>"; };
		AA4E9433277E5ED1008C3F60 /* TabBarCoordinator.swift */ = {isa = PBXFileReference; lastKnownFileType = sourcecode.swift; path = TabBarCoordinator.swift; sourceTree = "<group>"; };
		AA89B7F32778ADA300BDC7C6 /* AuctionDegree.app */ = {isa = PBXFileReference; explicitFileType = wrapper.application; includeInIndex = 0; path = AuctionDegree.app; sourceTree = BUILT_PRODUCTS_DIR; };
		AA89B7F62778ADA300BDC7C6 /* AppDelegate.swift */ = {isa = PBXFileReference; lastKnownFileType = sourcecode.swift; path = AppDelegate.swift; sourceTree = "<group>"; };
		AA89B7FA2778ADA300BDC7C6 /* ViewController.swift */ = {isa = PBXFileReference; lastKnownFileType = sourcecode.swift; path = ViewController.swift; sourceTree = "<group>"; };
		AA89B7FF2778ADA500BDC7C6 /* Assets.xcassets */ = {isa = PBXFileReference; lastKnownFileType = folder.assetcatalog; path = Assets.xcassets; sourceTree = "<group>"; };
		AA89B8022778ADA500BDC7C6 /* Base */ = {isa = PBXFileReference; lastKnownFileType = file.storyboard; name = Base; path = Base.lproj/LaunchScreen.storyboard; sourceTree = "<group>"; };
		AA89B8042778ADA500BDC7C6 /* Info.plist */ = {isa = PBXFileReference; lastKnownFileType = text.plist.xml; path = Info.plist; sourceTree = "<group>"; };
		AAC6CBB72785BF3D00DEF2D8 /* GetTypeCarVC.swift */ = {isa = PBXFileReference; lastKnownFileType = sourcecode.swift; path = GetTypeCarVC.swift; sourceTree = "<group>"; };
		AAC6CBB92785D4B400DEF2D8 /* GetTypeCarViewModel.swift */ = {isa = PBXFileReference; lastKnownFileType = sourcecode.swift; path = GetTypeCarViewModel.swift; sourceTree = "<group>"; };
		AAC6CBBC2785D7BF00DEF2D8 /* PhotoButton.swift */ = {isa = PBXFileReference; lastKnownFileType = sourcecode.swift; path = PhotoButton.swift; sourceTree = "<group>"; };
		AAC6CBBE2785E0BF00DEF2D8 /* CarNumberTextField.swift */ = {isa = PBXFileReference; lastKnownFileType = sourcecode.swift; path = CarNumberTextField.swift; sourceTree = "<group>"; };
		AAEEFF8B27A5A62500599685 /* AuthTokenModel.swift */ = {isa = PBXFileReference; lastKnownFileType = sourcecode.swift; path = AuthTokenModel.swift; sourceTree = "<group>"; };
		AAEEFF8D27A5B67500599685 /* UserDefaults.swift */ = {isa = PBXFileReference; lastKnownFileType = sourcecode.swift; path = UserDefaults.swift; sourceTree = "<group>"; };
		AAEEFF8F27A5B94600599685 /* AuthRegCoordinator.swift */ = {isa = PBXFileReference; lastKnownFileType = sourcecode.swift; path = AuthRegCoordinator.swift; sourceTree = "<group>"; };
		AAEEFF9127A5E9AD00599685 /* RegistrationVC.swift */ = {isa = PBXFileReference; lastKnownFileType = sourcecode.swift; path = RegistrationVC.swift; sourceTree = "<group>"; };
		AAEEFF9327A5E9CA00599685 /* RegistrationViewModel.swift */ = {isa = PBXFileReference; lastKnownFileType = sourcecode.swift; path = RegistrationViewModel.swift; sourceTree = "<group>"; };
		AAEEFF9527A5E9D800599685 /* RegistrationModel.swift */ = {isa = PBXFileReference; lastKnownFileType = sourcecode.swift; path = RegistrationModel.swift; sourceTree = "<group>"; };
/* End PBXFileReference section */

/* Begin PBXFrameworksBuildPhase section */
		AA89B7F02778ADA300BDC7C6 /* Frameworks */ = {
			isa = PBXFrameworksBuildPhase;
			buildActionMask = 2147483647;
			files = (
				892642ECA1D0F2F357EE5628 /* Pods_AuctionDegree.framework in Frameworks */,
			);
			runOnlyForDeploymentPostprocessing = 0;
		};
/* End PBXFrameworksBuildPhase section */

/* Begin PBXGroup section */
		03A6E5183EC6CA7B1F8AA4AD /* Pods */ = {
			isa = PBXGroup;
			children = (
				3296F9B86C3DC3F8FE695ADA /* Pods-AuctionDegree.debug.xcconfig */,
				383070668A82EB7573ED5952 /* Pods-AuctionDegree.release.xcconfig */,
			);
			path = Pods;
			sourceTree = "<group>";
		};
		8B4C5A1CE300873A6DE047E2 /* Frameworks */ = {
			isa = PBXGroup;
			children = (
				153FF0917DD82416B74EF9EA /* Pods_AuctionDegree.framework */,
			);
			name = Frameworks;
			sourceTree = "<group>";
		};
		AA0AC7AC277F0FC300769BE2 /* Properties */ = {
			isa = PBXGroup;
			children = (
				AA0AC7AD277F101500769BE2 /* PropertiesVC.swift */,
				AA0AC7AF277F102600769BE2 /* PropertiesViewModel.swift */,
				AA0AC7B2277F128700769BE2 /* PropertiesModel.swift */,
				AA0AC7B1277F126600769BE2 /* Views */,
			);
			path = Properties;
			sourceTree = "<group>";
		};
		AA0AC7B1277F126600769BE2 /* Views */ = {
			isa = PBXGroup;
			children = (
				AA0AC7B4277F129800769BE2 /* PropertiesCell.swift */,
			);
			path = Views;
			sourceTree = "<group>";
		};
		AA0AC7B62780941E00769BE2 /* Networking */ = {
			isa = PBXGroup;
			children = (
				AA0AC7B72780944E00769BE2 /* Protocols.swift */,
				AA0AC7B9278097D500769BE2 /* UrlFactory.swift */,
				AA0AC7BB2780982800769BE2 /* Request.swift */,
			);
			path = Networking;
			sourceTree = "<group>";
		};
		AA0AC7BD2780984100769BE2 /* Modules */ = {
			isa = PBXGroup;
			children = (
				AA4E941D2778B1C7008C3F60 /* Auth */,
				AA4E941E2778B1D1008C3F60 /* Registration */,
				AA0AC7D727830B1B00769BE2 /* AuctionCreation */,
				AA0AC7CD27820C5800769BE2 /* Profile */,
				AA0AC7BE27809C8E00769BE2 /* Auction */,
				AA0AC7AC277F0FC300769BE2 /* Properties */,
			);
			path = Modules;
			sourceTree = "<group>";
		};
		AA0AC7BE27809C8E00769BE2 /* Auction */ = {
			isa = PBXGroup;
			children = (
				AA0AC7BF27809DFC00769BE2 /* AuctionVC.swift */,
				AA0AC7C127809E0900769BE2 /* AuctionViewModel.swift */,
				AA0AC7C82780B53300769BE2 /* Models */,
				AA0AC7C527809F6B00769BE2 /* Views */,
			);
			path = Auction;
			sourceTree = "<group>";
		};
		AA0AC7C527809F6B00769BE2 /* Views */ = {
			isa = PBXGroup;
			children = (
				AA0AC7C62780AFB500769BE2 /* AuctionCell.swift */,
				AA0AC7CB2780BBE800769BE2 /* PhotoCell.swift */,
			);
			path = Views;
			sourceTree = "<group>";
		};
		AA0AC7C82780B53300769BE2 /* Models */ = {
			isa = PBXGroup;
			children = (
				AA0AC7C327809E1A00769BE2 /* AdditionalInfoModel.swift */,
				AA0AC7C92780B56600769BE2 /* AuctionModel.swift */,
			);
			path = Models;
			sourceTree = "<group>";
		};
		AA0AC7CD27820C5800769BE2 /* Profile */ = {
			isa = PBXGroup;
			children = (
				AA0AC7CE27820C7600769BE2 /* ProfileVC.swift */,
				AA0AC7D027820D0400769BE2 /* ProfileViewModel.swift */,
				AAEEFF8A27A5A5ED00599685 /* Models */,
				AA0AC7D427820E6E00769BE2 /* Views */,
			);
			path = Profile;
			sourceTree = "<group>";
		};
		AA0AC7D427820E6E00769BE2 /* Views */ = {
			isa = PBXGroup;
			children = (
				AA0AC7D527820F8300769BE2 /* ProfileElementView.swift */,
			);
			path = Views;
			sourceTree = "<group>";
		};
		AA0AC7D727830B1B00769BE2 /* AuctionCreation */ = {
			isa = PBXGroup;
			children = (
				AA0AC7D827830B3300769BE2 /* AuctionCreationVC.swift */,
				AA0AC7DA27830B4500769BE2 /* AuctionCreationViewModel.swift */,
				AA0AC7DC27830B5800769BE2 /* AuctionCreationModel.swift */,
				AA0AC7DE2783708C00769BE2 /* Views */,
			);
			path = AuctionCreation;
			sourceTree = "<group>";
		};
		AA0AC7DE2783708C00769BE2 /* Views */ = {
			isa = PBXGroup;
			children = (
				AA0AC7DF278370A700769BE2 /* AuctionCreationTextField.swift */,
				AA3FD70127C16E01008C8A68 /* DatePickerTextField.swift */,
			);
			path = Views;
			sourceTree = "<group>";
		};
		AA0AC7EF27847AE800769BE2 /* Coordinators */ = {
			isa = PBXGroup;
			children = (
				AA4E9433277E5ED1008C3F60 /* TabBarCoordinator.swift */,
				AA0AC7E527846E1E00769BE2 /* FavouriteCoordinator.swift */,
				AA0AC7E327846DF700769BE2 /* AuctionItemsCoordinator.swift */,
				AA0AC7E127846DDC00769BE2 /* ProfileCoordinator.swift */,
				AAEEFF8F27A5B94600599685 /* AuthRegCoordinator.swift */,
			);
			path = Coordinators;
			sourceTree = "<group>";
		};
		AA0AC7F027847B0A00769BE2 /* Routers */ = {
			isa = PBXGroup;
			children = (
				AA0AC7ED2784716300769BE2 /* TabsRouter.swift */,
				AA0AC7EB27846FD500769BE2 /* DefaultRouter.swift */,
				AA0AC7E927846F3500769BE2 /* CoordinatorProtocol.swift */,
				AA0AC7E727846E9E00769BE2 /* PresentableProtocol.swift */,
			);
			path = Routers;
			sourceTree = "<group>";
		};
		AA0AC7F12784C2CD00769BE2 /* Views */ = {
			isa = PBXGroup;
			children = (
				AA0AC7F22784C2EF00769BE2 /* ScrollableStackView.swift */,
				AA0AC7F42784C31600769BE2 /* AutoLayoutView.swift */,
			);
			path = Views;
			sourceTree = "<group>";
		};
		AA4E941D2778B1C7008C3F60 /* Auth */ = {
			isa = PBXGroup;
			children = (
				AA4E941F2778B35E008C3F60 /* AuthViewController.swift */,
				AA4E94212778B36B008C3F60 /* AuthViewModel.swift */,
				AAEEFF8B27A5A62500599685 /* AuthTokenModel.swift */,
				AA4E94232778B378008C3F60 /* AuthModel.swift */,
				AA4E94252778B3E8008C3F60 /* Views */,
			);
			path = Auth;
			sourceTree = "<group>";
		};
		AA4E941E2778B1D1008C3F60 /* Registration */ = {
			isa = PBXGroup;
			children = (
				AAEEFF9127A5E9AD00599685 /* RegistrationVC.swift */,
				AAEEFF9327A5E9CA00599685 /* RegistrationViewModel.swift */,
				AAEEFF9527A5E9D800599685 /* RegistrationModel.swift */,
			);
			path = Registration;
			sourceTree = "<group>";
		};
		AA4E94252778B3E8008C3F60 /* Views */ = {
			isa = PBXGroup;
			children = (
				AA4E94262778B3FC008C3F60 /* AuthTextField.swift */,
				AA4E942D277C8DB8008C3F60 /* LogoView.swift */,
				AA4E942F277C917E008C3F60 /* EntranceButton.swift */,
			);
			path = Views;
			sourceTree = "<group>";
		};
		AA4E942A277C88AD008C3F60 /* Extensions */ = {
			isa = PBXGroup;
			children = (
				AA4E942B277C88C8008C3F60 /* UIColor+Hex.swift */,
				AA0AC7F62784C38C00769BE2 /* UIView+pins.swift */,
				AA0AC7F82784D9E900769BE2 /* UIApplication+TopViewController.swift */,
				AAEEFF8D27A5B67500599685 /* UserDefaults.swift */,
			);
			path = Extensions;
			sourceTree = "<group>";
		};
		AA89B7EA2778ADA300BDC7C6 = {
			isa = PBXGroup;
			children = (
				AA89B7F52778ADA300BDC7C6 /* AuctionDegree */,
				AA89B7F42778ADA300BDC7C6 /* Products */,
				03A6E5183EC6CA7B1F8AA4AD /* Pods */,
				8B4C5A1CE300873A6DE047E2 /* Frameworks */,
			);
			sourceTree = "<group>";
		};
		AA89B7F42778ADA300BDC7C6 /* Products */ = {
			isa = PBXGroup;
			children = (
				AA89B7F32778ADA300BDC7C6 /* AuctionDegree.app */,
			);
			name = Products;
			sourceTree = "<group>";
		};
		AA89B7F52778ADA300BDC7C6 /* AuctionDegree */ = {
			isa = PBXGroup;
			children = (
				AA89B7F62778ADA300BDC7C6 /* AppDelegate.swift */,
				AA0AC7F027847B0A00769BE2 /* Routers */,
				AA0AC7EF27847AE800769BE2 /* Coordinators */,
				AA0AC7BD2780984100769BE2 /* Modules */,
				AAC6CBB62785BF2300DEF2D8 /* Camera */,
				AA0AC7F12784C2CD00769BE2 /* Views */,
				AA4E942A277C88AD008C3F60 /* Extensions */,
				AA0AC7B62780941E00769BE2 /* Networking */,
				AA89B7FA2778ADA300BDC7C6 /* ViewController.swift */,
				AA89B7FF2778ADA500BDC7C6 /* Assets.xcassets */,
				AA89B8012778ADA500BDC7C6 /* LaunchScreen.storyboard */,
				AA89B8042778ADA500BDC7C6 /* Info.plist */,
			);
			path = AuctionDegree;
			sourceTree = "<group>";
		};
		AAC6CBB62785BF2300DEF2D8 /* Camera */ = {
			isa = PBXGroup;
			children = (
				AAC6CBB72785BF3D00DEF2D8 /* GetTypeCarVC.swift */,
				AAC6CBB92785D4B400DEF2D8 /* GetTypeCarViewModel.swift */,
				AAC6CBBB2785D61100DEF2D8 /* Views */,
			);
			path = Camera;
			sourceTree = "<group>";
		};
		AAC6CBBB2785D61100DEF2D8 /* Views */ = {
			isa = PBXGroup;
			children = (
				AAC6CBBC2785D7BF00DEF2D8 /* PhotoButton.swift */,
				AAC6CBBE2785E0BF00DEF2D8 /* CarNumberTextField.swift */,
			);
			path = Views;
			sourceTree = "<group>";
		};
		AAEEFF8A27A5A5ED00599685 /* Models */ = {
			isa = PBXGroup;
			children = (
				AA0AC7D227820D1300769BE2 /* ProfileModel.swift */,
			);
			path = Models;
			sourceTree = "<group>";
		};
/* End PBXGroup section */

/* Begin PBXNativeTarget section */
		AA89B7F22778ADA300BDC7C6 /* AuctionDegree */ = {
			isa = PBXNativeTarget;
			buildConfigurationList = AA89B8072778ADA500BDC7C6 /* Build configuration list for PBXNativeTarget "AuctionDegree" */;
			buildPhases = (
				79CE5F8462C20EC9C6802FD3 /* [CP] Check Pods Manifest.lock */,
				AA89B7EF2778ADA300BDC7C6 /* Sources */,
				AA89B7F02778ADA300BDC7C6 /* Frameworks */,
				AA89B7F12778ADA300BDC7C6 /* Resources */,
				3A9F0AB41EE6B0A0381DF734 /* [CP] Embed Pods Frameworks */,
			);
			buildRules = (
			);
			dependencies = (
			);
			name = AuctionDegree;
			productName = AuctionDegree;
			productReference = AA89B7F32778ADA300BDC7C6 /* AuctionDegree.app */;
			productType = "com.apple.product-type.application";
		};
/* End PBXNativeTarget section */

/* Begin PBXProject section */
		AA89B7EB2778ADA300BDC7C6 /* Project object */ = {
			isa = PBXProject;
			attributes = {
				BuildIndependentTargetsInParallel = 1;
				LastSwiftUpdateCheck = 1310;
				LastUpgradeCheck = 1310;
				TargetAttributes = {
					AA89B7F22778ADA300BDC7C6 = {
						CreatedOnToolsVersion = 13.1;
					};
				};
			};
			buildConfigurationList = AA89B7EE2778ADA300BDC7C6 /* Build configuration list for PBXProject "AuctionDegree" */;
			compatibilityVersion = "Xcode 13.0";
			developmentRegion = en;
			hasScannedForEncodings = 0;
			knownRegions = (
				en,
				Base,
			);
			mainGroup = AA89B7EA2778ADA300BDC7C6;
			productRefGroup = AA89B7F42778ADA300BDC7C6 /* Products */;
			projectDirPath = "";
			projectRoot = "";
			targets = (
				AA89B7F22778ADA300BDC7C6 /* AuctionDegree */,
			);
		};
/* End PBXProject section */

/* Begin PBXResourcesBuildPhase section */
		AA89B7F12778ADA300BDC7C6 /* Resources */ = {
			isa = PBXResourcesBuildPhase;
			buildActionMask = 2147483647;
			files = (
				AA89B8032778ADA500BDC7C6 /* LaunchScreen.storyboard in Resources */,
				AA89B8002778ADA500BDC7C6 /* Assets.xcassets in Resources */,
			);
			runOnlyForDeploymentPostprocessing = 0;
		};
/* End PBXResourcesBuildPhase section */

/* Begin PBXShellScriptBuildPhase section */
		3A9F0AB41EE6B0A0381DF734 /* [CP] Embed Pods Frameworks */ = {
			isa = PBXShellScriptBuildPhase;
			buildActionMask = 2147483647;
			files = (
			);
			inputFileListPaths = (
				"${PODS_ROOT}/Target Support Files/Pods-AuctionDegree/Pods-AuctionDegree-frameworks-${CONFIGURATION}-input-files.xcfilelist",
			);
			name = "[CP] Embed Pods Frameworks";
			outputFileListPaths = (
				"${PODS_ROOT}/Target Support Files/Pods-AuctionDegree/Pods-AuctionDegree-frameworks-${CONFIGURATION}-output-files.xcfilelist",
			);
			runOnlyForDeploymentPostprocessing = 0;
			shellPath = /bin/sh;
			shellScript = "\"${PODS_ROOT}/Target Support Files/Pods-AuctionDegree/Pods-AuctionDegree-frameworks.sh\"\n";
			showEnvVarsInLog = 0;
		};
		79CE5F8462C20EC9C6802FD3 /* [CP] Check Pods Manifest.lock */ = {
			isa = PBXShellScriptBuildPhase;
			buildActionMask = 2147483647;
			files = (
			);
			inputFileListPaths = (
			);
			inputPaths = (
				"${PODS_PODFILE_DIR_PATH}/Podfile.lock",
				"${PODS_ROOT}/Manifest.lock",
			);
			name = "[CP] Check Pods Manifest.lock";
			outputFileListPaths = (
			);
			outputPaths = (
				"$(DERIVED_FILE_DIR)/Pods-AuctionDegree-checkManifestLockResult.txt",
			);
			runOnlyForDeploymentPostprocessing = 0;
			shellPath = /bin/sh;
			shellScript = "diff \"${PODS_PODFILE_DIR_PATH}/Podfile.lock\" \"${PODS_ROOT}/Manifest.lock\" > /dev/null\nif [ $? != 0 ] ; then\n    # print error to STDERR\n    echo \"error: The sandbox is not in sync with the Podfile.lock. Run 'pod install' or update your CocoaPods installation.\" >&2\n    exit 1\nfi\n# This output is used by Xcode 'outputs' to avoid re-running this script phase.\necho \"SUCCESS\" > \"${SCRIPT_OUTPUT_FILE_0}\"\n";
			showEnvVarsInLog = 0;
		};
/* End PBXShellScriptBuildPhase section */

/* Begin PBXSourcesBuildPhase section */
		AA89B7EF2778ADA300BDC7C6 /* Sources */ = {
			isa = PBXSourcesBuildPhase;
			buildActionMask = 2147483647;
			files = (
				AAC6CBBA2785D4B400DEF2D8 /* GetTypeCarViewModel.swift in Sources */,
				AAEEFF9427A5E9CA00599685 /* RegistrationViewModel.swift in Sources */,
				AA0AC7E627846E1E00769BE2 /* FavouriteCoordinator.swift in Sources */,
				AA0AC7CA2780B56600769BE2 /* AuctionModel.swift in Sources */,
				AA4E942C277C88C8008C3F60 /* UIColor+Hex.swift in Sources */,
				AA0AC7F92784D9E900769BE2 /* UIApplication+TopViewController.swift in Sources */,
				AA0AC7F32784C2EF00769BE2 /* ScrollableStackView.swift in Sources */,
				AA4E94222778B36B008C3F60 /* AuthViewModel.swift in Sources */,
				AAC6CBB82785BF3D00DEF2D8 /* GetTypeCarVC.swift in Sources */,
				AA0AC7CC2780BBE800769BE2 /* PhotoCell.swift in Sources */,
				AA0AC7DB27830B4500769BE2 /* AuctionCreationViewModel.swift in Sources */,
				AA0AC7CF27820C7600769BE2 /* ProfileVC.swift in Sources */,
				AA0AC7C72780AFB500769BE2 /* AuctionCell.swift in Sources */,
				AA0AC7D927830B3300769BE2 /* AuctionCreationVC.swift in Sources */,
				AAEEFF9227A5E9AD00599685 /* RegistrationVC.swift in Sources */,
				AA0AC7B0277F102600769BE2 /* PropertiesViewModel.swift in Sources */,
				AA0AC7E0278370A700769BE2 /* AuctionCreationTextField.swift in Sources */,
				AA0AC7E427846DF700769BE2 /* AuctionItemsCoordinator.swift in Sources */,
				AA0AC7AE277F101500769BE2 /* PropertiesVC.swift in Sources */,
				AAC6CBBF2785E0BF00DEF2D8 /* CarNumberTextField.swift in Sources */,
				AA0AC7D327820D1300769BE2 /* ProfileModel.swift in Sources */,
				AA89B7FB2778ADA300BDC7C6 /* ViewController.swift in Sources */,
				AAEEFF8E27A5B67500599685 /* UserDefaults.swift in Sources */,
				AAC6CBBD2785D7BF00DEF2D8 /* PhotoButton.swift in Sources */,
				AA0AC7D127820D0400769BE2 /* ProfileViewModel.swift in Sources */,
				AA0AC7F72784C38C00769BE2 /* UIView+pins.swift in Sources */,
				AA0AC7F52784C31600769BE2 /* AutoLayoutView.swift in Sources */,
				AA0AC7BA278097D500769BE2 /* UrlFactory.swift in Sources */,
				AA0AC7BC2780982800769BE2 /* Request.swift in Sources */,
				AA0AC7D627820F8300769BE2 /* ProfileElementView.swift in Sources */,
				AA0AC7C227809E0900769BE2 /* AuctionViewModel.swift in Sources */,
				AA4E94202778B35E008C3F60 /* AuthViewController.swift in Sources */,
				AA0AC7B5277F129800769BE2 /* PropertiesCell.swift in Sources */,
				AA0AC7EA27846F3500769BE2 /* CoordinatorProtocol.swift in Sources */,
				AA4E94272778B3FC008C3F60 /* AuthTextField.swift in Sources */,
				AAEEFF8C27A5A62500599685 /* AuthTokenModel.swift in Sources */,
				AA0AC7E227846DDC00769BE2 /* ProfileCoordinator.swift in Sources */,
				AA4E9434277E5ED1008C3F60 /* TabBarCoordinator.swift in Sources */,
				AA4E942E277C8DB8008C3F60 /* LogoView.swift in Sources */,
				AAEEFF9027A5B94600599685 /* AuthRegCoordinator.swift in Sources */,
				AA0AC7C427809E1A00769BE2 /* AdditionalInfoModel.swift in Sources */,
				AA0AC7B3277F128700769BE2 /* PropertiesModel.swift in Sources */,
				AAEEFF9627A5E9D800599685 /* RegistrationModel.swift in Sources */,
				AA0AC7EC27846FD500769BE2 /* DefaultRouter.swift in Sources */,
				AA89B7F72778ADA300BDC7C6 /* AppDelegate.swift in Sources */,
				AA4E9430277C917E008C3F60 /* EntranceButton.swift in Sources */,
				AA4E94242778B378008C3F60 /* AuthModel.swift in Sources */,
				AA3FD70227C16E01008C8A68 /* DatePickerTextField.swift in Sources */,
				AA0AC7C027809DFC00769BE2 /* AuctionVC.swift in Sources */,
				AA0AC7DD27830B5800769BE2 /* AuctionCreationModel.swift in Sources */,
				AA0AC7B82780944E00769BE2 /* Protocols.swift in Sources */,
				AA0AC7EE2784716300769BE2 /* TabsRouter.swift in Sources */,
				AA0AC7E827846E9E00769BE2 /* PresentableProtocol.swift in Sources */,
			);
			runOnlyForDeploymentPostprocessing = 0;
		};
/* End PBXSourcesBuildPhase section */

/* Begin PBXVariantGroup section */
		AA89B8012778ADA500BDC7C6 /* LaunchScreen.storyboard */ = {
			isa = PBXVariantGroup;
			children = (
				AA89B8022778ADA500BDC7C6 /* Base */,
			);
			name = LaunchScreen.storyboard;
			sourceTree = "<group>";
		};
/* End PBXVariantGroup section */

/* Begin XCBuildConfiguration section */
		AA89B8052778ADA500BDC7C6 /* Debug */ = {
			isa = XCBuildConfiguration;
			buildSettings = {
				ALWAYS_SEARCH_USER_PATHS = NO;
				CLANG_ANALYZER_NONNULL = YES;
				CLANG_ANALYZER_NUMBER_OBJECT_CONVERSION = YES_AGGRESSIVE;
				CLANG_CXX_LANGUAGE_STANDARD = "gnu++17";
				CLANG_CXX_LIBRARY = "libc++";
				CLANG_ENABLE_MODULES = YES;
				CLANG_ENABLE_OBJC_ARC = YES;
				CLANG_ENABLE_OBJC_WEAK = YES;
				CLANG_WARN_BLOCK_CAPTURE_AUTORELEASING = YES;
				CLANG_WARN_BOOL_CONVERSION = YES;
				CLANG_WARN_COMMA = YES;
				CLANG_WARN_CONSTANT_CONVERSION = YES;
				CLANG_WARN_DEPRECATED_OBJC_IMPLEMENTATIONS = YES;
				CLANG_WARN_DIRECT_OBJC_ISA_USAGE = YES_ERROR;
				CLANG_WARN_DOCUMENTATION_COMMENTS = YES;
				CLANG_WARN_EMPTY_BODY = YES;
				CLANG_WARN_ENUM_CONVERSION = YES;
				CLANG_WARN_INFINITE_RECURSION = YES;
				CLANG_WARN_INT_CONVERSION = YES;
				CLANG_WARN_NON_LITERAL_NULL_CONVERSION = YES;
				CLANG_WARN_OBJC_IMPLICIT_RETAIN_SELF = YES;
				CLANG_WARN_OBJC_LITERAL_CONVERSION = YES;
				CLANG_WARN_OBJC_ROOT_CLASS = YES_ERROR;
				CLANG_WARN_QUOTED_INCLUDE_IN_FRAMEWORK_HEADER = YES;
				CLANG_WARN_RANGE_LOOP_ANALYSIS = YES;
				CLANG_WARN_STRICT_PROTOTYPES = YES;
				CLANG_WARN_SUSPICIOUS_MOVE = YES;
				CLANG_WARN_UNGUARDED_AVAILABILITY = YES_AGGRESSIVE;
				CLANG_WARN_UNREACHABLE_CODE = YES;
				CLANG_WARN__DUPLICATE_METHOD_MATCH = YES;
				COPY_PHASE_STRIP = NO;
				DEBUG_INFORMATION_FORMAT = dwarf;
				ENABLE_STRICT_OBJC_MSGSEND = YES;
				ENABLE_TESTABILITY = YES;
				GCC_C_LANGUAGE_STANDARD = gnu11;
				GCC_DYNAMIC_NO_PIC = NO;
				GCC_NO_COMMON_BLOCKS = YES;
				GCC_OPTIMIZATION_LEVEL = 0;
				GCC_PREPROCESSOR_DEFINITIONS = (
					"DEBUG=1",
					"$(inherited)",
				);
				GCC_WARN_64_TO_32_BIT_CONVERSION = YES;
				GCC_WARN_ABOUT_RETURN_TYPE = YES_ERROR;
				GCC_WARN_UNDECLARED_SELECTOR = YES;
				GCC_WARN_UNINITIALIZED_AUTOS = YES_AGGRESSIVE;
				GCC_WARN_UNUSED_FUNCTION = YES;
				GCC_WARN_UNUSED_VARIABLE = YES;
				IPHONEOS_DEPLOYMENT_TARGET = 15.0;
				MTL_ENABLE_DEBUG_INFO = INCLUDE_SOURCE;
				MTL_FAST_MATH = YES;
				ONLY_ACTIVE_ARCH = YES;
				SDKROOT = iphoneos;
				SWIFT_ACTIVE_COMPILATION_CONDITIONS = DEBUG;
				SWIFT_OPTIMIZATION_LEVEL = "-Onone";
			};
			name = Debug;
		};
		AA89B8062778ADA500BDC7C6 /* Release */ = {
			isa = XCBuildConfiguration;
			buildSettings = {
				ALWAYS_SEARCH_USER_PATHS = NO;
				CLANG_ANALYZER_NONNULL = YES;
				CLANG_ANALYZER_NUMBER_OBJECT_CONVERSION = YES_AGGRESSIVE;
				CLANG_CXX_LANGUAGE_STANDARD = "gnu++17";
				CLANG_CXX_LIBRARY = "libc++";
				CLANG_ENABLE_MODULES = YES;
				CLANG_ENABLE_OBJC_ARC = YES;
				CLANG_ENABLE_OBJC_WEAK = YES;
				CLANG_WARN_BLOCK_CAPTURE_AUTORELEASING = YES;
				CLANG_WARN_BOOL_CONVERSION = YES;
				CLANG_WARN_COMMA = YES;
				CLANG_WARN_CONSTANT_CONVERSION = YES;
				CLANG_WARN_DEPRECATED_OBJC_IMPLEMENTATIONS = YES;
				CLANG_WARN_DIRECT_OBJC_ISA_USAGE = YES_ERROR;
				CLANG_WARN_DOCUMENTATION_COMMENTS = YES;
				CLANG_WARN_EMPTY_BODY = YES;
				CLANG_WARN_ENUM_CONVERSION = YES;
				CLANG_WARN_INFINITE_RECURSION = YES;
				CLANG_WARN_INT_CONVERSION = YES;
				CLANG_WARN_NON_LITERAL_NULL_CONVERSION = YES;
				CLANG_WARN_OBJC_IMPLICIT_RETAIN_SELF = YES;
				CLANG_WARN_OBJC_LITERAL_CONVERSION = YES;
				CLANG_WARN_OBJC_ROOT_CLASS = YES_ERROR;
				CLANG_WARN_QUOTED_INCLUDE_IN_FRAMEWORK_HEADER = YES;
				CLANG_WARN_RANGE_LOOP_ANALYSIS = YES;
				CLANG_WARN_STRICT_PROTOTYPES = YES;
				CLANG_WARN_SUSPICIOUS_MOVE = YES;
				CLANG_WARN_UNGUARDED_AVAILABILITY = YES_AGGRESSIVE;
				CLANG_WARN_UNREACHABLE_CODE = YES;
				CLANG_WARN__DUPLICATE_METHOD_MATCH = YES;
				COPY_PHASE_STRIP = NO;
				DEBUG_INFORMATION_FORMAT = "dwarf-with-dsym";
				ENABLE_NS_ASSERTIONS = NO;
				ENABLE_STRICT_OBJC_MSGSEND = YES;
				GCC_C_LANGUAGE_STANDARD = gnu11;
				GCC_NO_COMMON_BLOCKS = YES;
				GCC_WARN_64_TO_32_BIT_CONVERSION = YES;
				GCC_WARN_ABOUT_RETURN_TYPE = YES_ERROR;
				GCC_WARN_UNDECLARED_SELECTOR = YES;
				GCC_WARN_UNINITIALIZED_AUTOS = YES_AGGRESSIVE;
				GCC_WARN_UNUSED_FUNCTION = YES;
				GCC_WARN_UNUSED_VARIABLE = YES;
				IPHONEOS_DEPLOYMENT_TARGET = 15.0;
				MTL_ENABLE_DEBUG_INFO = NO;
				MTL_FAST_MATH = YES;
				SDKROOT = iphoneos;
				SWIFT_COMPILATION_MODE = wholemodule;
				SWIFT_OPTIMIZATION_LEVEL = "-O";
				VALIDATE_PRODUCT = YES;
			};
			name = Release;
		};
		AA89B8082778ADA500BDC7C6 /* Debug */ = {
			isa = XCBuildConfiguration;
			baseConfigurationReference = 3296F9B86C3DC3F8FE695ADA /* Pods-AuctionDegree.debug.xcconfig */;
			buildSettings = {
				ASSETCATALOG_COMPILER_APPICON_NAME = AppIcon;
				ASSETCATALOG_COMPILER_GLOBAL_ACCENT_COLOR_NAME = AccentColor;
				CODE_SIGN_STYLE = Automatic;
				CURRENT_PROJECT_VERSION = 1;
				DEVELOPMENT_TEAM = 3T6FSDE8C7;
				GENERATE_INFOPLIST_FILE = YES;
				INFOPLIST_FILE = AuctionDegree/Info.plist;
				INFOPLIST_KEY_UIApplicationSupportsIndirectInputEvents = YES;
				INFOPLIST_KEY_UILaunchStoryboardName = LaunchScreen;
				INFOPLIST_KEY_UISupportedInterfaceOrientations_iPad = "UIInterfaceOrientationPortrait UIInterfaceOrientationPortraitUpsideDown UIInterfaceOrientationLandscapeLeft UIInterfaceOrientationLandscapeRight";
				INFOPLIST_KEY_UISupportedInterfaceOrientations_iPhone = "UIInterfaceOrientationPortrait UIInterfaceOrientationLandscapeLeft UIInterfaceOrientationLandscapeRight";
				LD_RUNPATH_SEARCH_PATHS = (
					"$(inherited)",
					"@executable_path/Frameworks",
				);
				MARKETING_VERSION = 1.0;
				PRODUCT_BUNDLE_IDENTIFIER = surik.AuctionDegree;
				PRODUCT_NAME = "$(TARGET_NAME)";
				SWIFT_EMIT_LOC_STRINGS = YES;
				SWIFT_VERSION = 5.0;
				TARGETED_DEVICE_FAMILY = "1,2";
			};
			name = Debug;
		};
		AA89B8092778ADA500BDC7C6 /* Release */ = {
			isa = XCBuildConfiguration;
			baseConfigurationReference = 383070668A82EB7573ED5952 /* Pods-AuctionDegree.release.xcconfig */;
			buildSettings = {
				ASSETCATALOG_COMPILER_APPICON_NAME = AppIcon;
				ASSETCATALOG_COMPILER_GLOBAL_ACCENT_COLOR_NAME = AccentColor;
				CODE_SIGN_STYLE = Automatic;
				CURRENT_PROJECT_VERSION = 1;
				DEVELOPMENT_TEAM = 3T6FSDE8C7;
				GENERATE_INFOPLIST_FILE = YES;
				INFOPLIST_FILE = AuctionDegree/Info.plist;
				INFOPLIST_KEY_UIApplicationSupportsIndirectInputEvents = YES;
				INFOPLIST_KEY_UILaunchStoryboardName = LaunchScreen;
				INFOPLIST_KEY_UISupportedInterfaceOrientations_iPad = "UIInterfaceOrientationPortrait UIInterfaceOrientationPortraitUpsideDown UIInterfaceOrientationLandscapeLeft UIInterfaceOrientationLandscapeRight";
				INFOPLIST_KEY_UISupportedInterfaceOrientations_iPhone = "UIInterfaceOrientationPortrait UIInterfaceOrientationLandscapeLeft UIInterfaceOrientationLandscapeRight";
				LD_RUNPATH_SEARCH_PATHS = (
					"$(inherited)",
					"@executable_path/Frameworks",
				);
				MARKETING_VERSION = 1.0;
				PRODUCT_BUNDLE_IDENTIFIER = surik.AuctionDegree;
				PRODUCT_NAME = "$(TARGET_NAME)";
				SWIFT_EMIT_LOC_STRINGS = YES;
				SWIFT_VERSION = 5.0;
				TARGETED_DEVICE_FAMILY = "1,2";
			};
			name = Release;
		};
/* End XCBuildConfiguration section */

/* Begin XCConfigurationList section */
		AA89B7EE2778ADA300BDC7C6 /* Build configuration list for PBXProject "AuctionDegree" */ = {
			isa = XCConfigurationList;
			buildConfigurations = (
				AA89B8052778ADA500BDC7C6 /* Debug */,
				AA89B8062778ADA500BDC7C6 /* Release */,
			);
			defaultConfigurationIsVisible = 0;
			defaultConfigurationName = Release;
		};
		AA89B8072778ADA500BDC7C6 /* Build configuration list for PBXNativeTarget "AuctionDegree" */ = {
			isa = XCConfigurationList;
			buildConfigurations = (
				AA89B8082778ADA500BDC7C6 /* Debug */,
				AA89B8092778ADA500BDC7C6 /* Release */,
			);
			defaultConfigurationIsVisible = 0;
			defaultConfigurationName = Release;
		};
/* End XCConfigurationList section */
	};
	rootObject = AA89B7EB2778ADA300BDC7C6 /* Project object */;
}
